
Microsoft Visual Studio Solution File, Format Version 12.00
# Visual Studio 15
VisualStudioVersion = 15.0.27130.2036
MinimumVisualStudioVersion = 10.0.40219.1
Project("{FAE04EC0-301F-11D3-BF4B-00C04F79EFBC}") = "Razor", "Razor\Razor.csproj", "{46DCD0C1-2FB5-4B91-804E-827702340A7E}"
EndProject
Global
	GlobalSection(SolutionConfigurationPlatforms) = preSolution
		Debug|Any CPU = Debug|Any CPU
		Release|Any CPU = Release|Any CPU
	EndGlobalSection
	GlobalSection(ProjectConfigurationPlatforms) = postSolution
		{46DCD0C1-2FB5-4B91-804E-827702340A7E}.Debug|Any CPU.ActiveCfg = Debug|Any CPU
		{46DCD0C1-2FB5-4B91-804E-827702340A7E}.Debug|Any CPU.Build.0 = Debug|Any CPU
		{46DCD0C1-2FB5-4B91-804E-827702340A7E}.Release|Any CPU.ActiveCfg = Release|Any CPU
		{46DCD0C1-2FB5-4B91-804E-827702340A7E}.Release|Any CPU.Build.0 = Release|Any CPU
	EndGlobalSection
	GlobalSection(SolutionProperties) = preSolution
		HideSolutionNode = FALSE
	EndGlobalSection
	GlobalSection(ExtensibilityGlobals) = postSolution
		SolutionGuid = {21643361-5F7E-426C-8C27-A0F30CD0C5CD}
	EndGlobalSection
EndGlobal
